
Microsoft Visual Studio Solution File, Format Version 12.00
# Visual Studio 14
VisualStudioVersion = 14.0.24720.0
MinimumVisualStudioVersion = 10.0.40219.1
Project("{FAE04EC0-301F-11D3-BF4B-00C04F79EFBC}") = "TargetProcessBugs.Web", "TargetProcessBugs.Web\TargetProcessBugs.Web.csproj", "{83E27063-D8CE-4961-A95D-95CE63F79D78}"
EndProject
Project("{FAE04EC0-301F-11D3-BF4B-00C04F79EFBC}") = "TargetProcessBugs.Core", "TargetProcessBugs.Core\TargetProcessBugs.Core.csproj", "{8EA3A04B-56C7-4BD4-9F36-E1A62A28A842}"
EndProject
Project("{FAE04EC0-301F-11D3-BF4B-00C04F79EFBC}") = "TargetProcessBugs.Models", "TargetProcessBugs.Models\TargetProcessBugs.Models.csproj", "{02B1197A-D129-4EF7-B1E4-70DEEA32422B}"
EndProject
Global
	GlobalSection(SolutionConfigurationPlatforms) = preSolution
		Debug|Any CPU = Debug|Any CPU
		Release|Any CPU = Release|Any CPU
	EndGlobalSection
	GlobalSection(ProjectConfigurationPlatforms) = postSolution
		{83E27063-D8CE-4961-A95D-95CE63F79D78}.Debug|Any CPU.ActiveCfg = Debug|Any CPU
		{83E27063-D8CE-4961-A95D-95CE63F79D78}.Debug|Any CPU.Build.0 = Debug|Any CPU
		{83E27063-D8CE-4961-A95D-95CE63F79D78}.Release|Any CPU.ActiveCfg = Release|Any CPU
		{83E27063-D8CE-4961-A95D-95CE63F79D78}.Release|Any CPU.Build.0 = Release|Any CPU
		{8EA3A04B-56C7-4BD4-9F36-E1A62A28A842}.Debug|Any CPU.ActiveCfg = Debug|Any CPU
		{8EA3A04B-56C7-4BD4-9F36-E1A62A28A842}.Debug|Any CPU.Build.0 = Debug|Any CPU
		{8EA3A04B-56C7-4BD4-9F36-E1A62A28A842}.Release|Any CPU.ActiveCfg = Release|Any CPU
		{8EA3A04B-56C7-4BD4-9F36-E1A62A28A842}.Release|Any CPU.Build.0 = Release|Any CPU
		{02B1197A-D129-4EF7-B1E4-70DEEA32422B}.Debug|Any CPU.ActiveCfg = Debug|Any CPU
		{02B1197A-D129-4EF7-B1E4-70DEEA32422B}.Debug|Any CPU.Build.0 = Debug|Any CPU
		{02B1197A-D129-4EF7-B1E4-70DEEA32422B}.Release|Any CPU.ActiveCfg = Release|Any CPU
		{02B1197A-D129-4EF7-B1E4-70DEEA32422B}.Release|Any CPU.Build.0 = Release|Any CPU
	EndGlobalSection
	GlobalSection(SolutionProperties) = preSolution
		HideSolutionNode = FALSE
	EndGlobalSection
EndGlobal
